
Microsoft Visual Studio Solution File, Format Version 12.00
# Visual Studio Version 17
VisualStudioVersion = 17.5.33502.453
MinimumVisualStudioVersion = 10.0.40219.1
Project("{FAE04EC0-301F-11D3-BF4B-00C04F79EFBC}") = "GrabbedRandomizer", "GrabbedRandomizer.csproj", "{1C4A1A25-B864-46B4-9C34-BFE603990106}"
EndProject
Global
	GlobalSection(SolutionConfigurationPlatforms) = preSolution
		Debug|Any CPU = Debug|Any CPU
		Release|Any CPU = Release|Any CPU
	EndGlobalSection
	GlobalSection(ProjectConfigurationPlatforms) = postSolution
		{1C4A1A25-B864-46B4-9C34-BFE603990106}.Debug|Any CPU.ActiveCfg = Debug|Any CPU
		{1C4A1A25-B864-46B4-9C34-BFE603990106}.Debug|Any CPU.Build.0 = Debug|Any CPU
		{1C4A1A25-B864-46B4-9C34-BFE603990106}.Release|Any CPU.ActiveCfg = Release|Any CPU
		{1C4A1A25-B864-46B4-9C34-BFE603990106}.Release|Any CPU.Build.0 = Release|Any CPU
	EndGlobalSection
	GlobalSection(SolutionProperties) = preSolution
		HideSolutionNode = FALSE
	EndGlobalSection
	GlobalSection(ExtensibilityGlobals) = postSolution
		SolutionGuid = {01BB5124-48C1-43D8-A42F-55A562BE2EBE}
	EndGlobalSection
EndGlobal
